<?xml version="1.0" encoding="UTF-8"?>
<Project ToolsVersion="4.0" xmlns="http://schemas.microsoft.com/developer/msbuild/2003">
  <ItemGroup>
    <Filter Include="include">
      <UniqueIdentifier>{295b4dfb-1ccd-4d29-99db-60094981e0e5}</UniqueIdentifier>
    </Filter>
    <Filter Include="source">
      <UniqueIdentifier>{666ba84b-1908-4bba-961d-87e0c7389ce1}</UniqueIdentifier>
    </Filter>
    <ClCompile Include="D:\GameDev\BearSDK\projects\bear\beargraphics\source\BearGraphics.PCH.cpp">
      <Filter>source</Filter>
    </ClCompile>
    <ClCompile Include="D:\GameDev\BearSDK\projects\bear\beargraphics\source\BearImage1.cpp">
      <Filter>source</Filter>
    </ClCompile>
    <ClCompile Include="D:\GameDev\BearSDK\projects\bear\beargraphics\source\BearImage2.cpp">
      <Filter>source</Filter>
    </ClCompile>
    <ClCompile Include="D:\GameDev\BearSDK\projects\bear\beargraphics\source\BearImage3.cpp">
      <Filter>source</Filter>
    </ClCompile>
    <ClCompile Include="D:\GameDev\BearSDK\projects\bear\beargraphics\source\BearRenderContextBase.cpp">
      <Filter>source</Filter>
    </ClCompile>
    <ClCompile Include="D:\GameDev\BearSDK\projects\bear\beargraphics\source\BearRenderIndexBufferBase.cpp">
      <Filter>source</Filter>
    </ClCompile>
    <ClCompile Include="D:\GameDev\BearSDK\projects\bear\beargraphics\source\BearRenderInterface.cpp">
      <Filter>source</Filter>
    </ClCompile>
    <ClCompile Include="D:\GameDev\BearSDK\projects\bear\beargraphics\source\BearRenderInterfaceBase.cpp">
      <Filter>source</Filter>
    </ClCompile>
    <ClCompile Include="D:\GameDev\BearSDK\projects\bear\beargraphics\source\BearRenderPipelineBase.cpp">
      <Filter>source</Filter>
    </ClCompile>
    <ClCompile Include="D:\GameDev\BearSDK\projects\bear\beargraphics\source\BearRenderPipelineDescription.cpp">
      <Filter>source</Filter>
    </ClCompile>
    <ClCompile Include="D:\GameDev\BearSDK\projects\bear\beargraphics\source\BearRenderShaderBase.cpp">
      <Filter>source</Filter>
    </ClCompile>
    <ClCompile Include="D:\GameDev\BearSDK\projects\bear\beargraphics\source\BearRenderTargetViewBase.cpp">
      <Filter>source</Filter>
    </ClCompile>
    <ClCompile Include="D:\GameDev\BearSDK\projects\bear\beargraphics\source\BearRenderTexture2DBase.cpp">
      <Filter>source</Filter>
    </ClCompile>
    <ClCompile Include="D:\GameDev\BearSDK\projects\bear\beargraphics\source\BearRenderVertexBufferBase.cpp">
      <Filter>source</Filter>
    </ClCompile>
    <ClCompile Include="D:\GameDev\BearSDK\projects\bear\beargraphics\source\BearRenderViewportBase.cpp">
      <Filter>source</Filter>
    </ClCompile>
    <ClCompile Include="D:\GameDev\BearSDK\projects\bear\beargraphics\source\BearTextureUtils.cpp">
      <Filter>source</Filter>
    </ClCompile>
    <ClCompile Include="D:\GameDev\BearSDK\projects\bear\beargraphics\source\BearWindow.cpp">
      <Filter>source</Filter>
    </ClCompile>
    <ClInclude Include="D:\GameDev\BearSDK\projects\bear\beargraphics\source\BearTextureUtils.h">
      <Filter>include</Filter>
    </ClInclude>
    <ClInclude Include="D:\GameDev\BearSDK\projects\bear\beargraphics\source\dds.h">
      <Filter>include</Filter>
    </ClInclude>
    <ClInclude Include="D:\GameDev\BearSDK\projects\bear\beargraphics\include\BearRenderBase\BearRenderBase.h">
      <Filter>include</Filter>
    </ClInclude>
    <ClInclude Include="D:\GameDev\BearSDK\projects\bear\beargraphics\include\BearRenderBase\BearRenderContextBase.h">
      <Filter>include</Filter>
    </ClInclude>
    <ClInclude Include="D:\GameDev\BearSDK\projects\bear\beargraphics\include\BearRenderBase\BearRenderFactoryBase.h">
      <Filter>include</Filter>
    </ClInclude>
    <ClInclude Include="D:\GameDev\BearSDK\projects\bear\beargraphics\include\BearRenderBase\BearRenderFrameBufferBase.h">
      <Filter>include</Filter>
    </ClInclude>
    <ClInclude Include="D:\GameDev\BearSDK\projects\bear\beargraphics\include\BearRenderBase\BearRenderIndexBufferBase.h">
      <Filter>include</Filter>
    </ClInclude>
    <ClInclude Include="D:\GameDev\BearSDK\projects\bear\beargraphics\include\BearRenderBase\BearRenderInterfaceBase.h">
      <Filter>include</Filter>
    </ClInclude>
    <ClInclude Include="D:\GameDev\BearSDK\projects\bear\beargraphics\include\BearRenderBase\BearRenderObject.h">
      <Filter>include</Filter>
    </ClInclude>
    <ClInclude Include="D:\GameDev\BearSDK\projects\bear\beargraphics\include\BearRenderBase\BearRenderPipelineBase.h">
      <Filter>include</Filter>
    </ClInclude>
    <ClInclude Include="D:\GameDev\BearSDK\projects\bear\beargraphics\include\BearRenderBase\BearRenderShaderBase.h">
      <Filter>include</Filter>
    </ClInclude>
    <ClInclude Include="D:\GameDev\BearSDK\projects\bear\beargraphics\include\BearRenderBase\BearRenderTargetViewBase.h">
      <Filter>include</Filter>
    </ClInclude>
    <ClInclude Include="D:\GameDev\BearSDK\projects\bear\beargraphics\include\BearRenderBase\BearRenderTexture2DBase.h">
      <Filter>include</Filter>
    </ClInclude>
    <ClInclude Include="D:\GameDev\BearSDK\projects\bear\beargraphics\include\BearRenderBase\BearRenderVertexBufferBase.h">
      <Filter>include</Filter>
    </ClInclude>
    <ClInclude Include="D:\GameDev\BearSDK\projects\bear\beargraphics\include\BearRenderBase\BearRenderViewportBase.h">
      <Filter>include</Filter>
    </ClInclude>
    <ClInclude Include="D:\GameDev\BearSDK\projects\bear\beargraphics\include\BearGraphics\BearGraphicsEnums.h">
      <Filter>include</Filter>
    </ClInclude>
    <ClInclude Include="D:\GameDev\BearSDK\projects\bear\beargraphics\include\BearGraphics\BearDescription\BearRenderFrameBufferDescription.h">
      <Filter>include</Filter>
    </ClInclude>
    <ClInclude Include="D:\GameDev\BearSDK\projects\bear\beargraphics\include\BearGraphics\BearDescription\BearRenderPipelineDescription.h">
      <Filter>include</Filter>
    </ClInclude>
    <ClInclude Include="D:\GameDev\BearSDK\projects\bear\beargraphics\include\BearGraphics\BearDescription\BearRenderViewportDescription.h">
      <Filter>include</Filter>
    </ClInclude>
    <ClInclude Include="D:\GameDev\BearSDK\projects\bear\beargraphics\include\BearGraphics\BearRender\BearRenderInterface.h">
      <Filter>include</Filter>
    </ClInclude>
    <ClInclude Include="D:\GameDev\BearSDK\projects\bear\beargraphics\include\BearGraphics\BearResource\BearFactoryPointer.h">
      <Filter>include</Filter>
    </ClInclude>
    <ClInclude Include="D:\GameDev\BearSDK\projects\bear\beargraphics\include\BearGraphics\BearResource\BearImage.h">
      <Filter>include</Filter>
    </ClInclude>
    <ClInclude Include="D:\GameDev\BearSDK\projects\bear\beargraphics\include\BearGraphics\BearSystem\BearWindow.h">
      <Filter>include</Filter>
    </ClInclude>
    <ClInclude Include="D:\GameDev\BearSDK\projects\bear\beargraphics\include\BearGraphics\BearTemplate\BearGraphicsCaster.h">
      <Filter>include</Filter>
    </ClInclude>
    <ClInclude Include="D:\GameDev\BearSDK\projects\bear\beargraphics\include\BearGraphics\BearTemplate\BearGraphicsRemover.h">
      <Filter>include</Filter>
    </ClInclude>
    <ClInclude Include="D:\GameDev\BearSDK\projects\bear\beargraphics\include\BearGraphics\BearTemplate\BearGraphicsTypeManager.h">
      <Filter>include</Filter>
    </ClInclude>
    <ClInclude Include="D:\GameDev\BearSDK\projects\bear\beargraphics\include\BearGraphics\BearTemplate\BearGraphics_Objects.h">
      <Filter>include</Filter>
    </ClInclude>
    <ClInclude Include="D:\GameDev\BearSDK\projects\bear\beargraphics\include\BearGraphics\BearGraphics.hpp">
      <Filter>include</Filter>
    </ClInclude>
  </ItemGroup>
</Project>